// !$*UTF8*$!
{
	archiveVersion = 1;
	classes = {
	};
	objectVersion = 46;
	objects = {

/* Begin PBXBuildFile section */
		1F7D40EF1C04B1F10017785C /* AppDelegate.swift in Sources */ = {isa = PBXBuildFile; fileRef = 1F7D40EE1C04B1F10017785C /* AppDelegate.swift */; };
		1F7D40F11C04B1F10017785C /* ViewController.swift in Sources */ = {isa = PBXBuildFile; fileRef = 1F7D40F01C04B1F10017785C /* ViewController.swift */; };
		1F7D40F41C04B1F10017785C /* Main.storyboard in Resources */ = {isa = PBXBuildFile; fileRef = 1F7D40F21C04B1F10017785C /* Main.storyboard */; };
		1F7D40F61C04B1F10017785C /* Assets.xcassets in Resources */ = {isa = PBXBuildFile; fileRef = 1F7D40F51C04B1F10017785C /* Assets.xcassets */; };
		1F7D40F91C04B1F10017785C /* LaunchScreen.storyboard in Resources */ = {isa = PBXBuildFile; fileRef = 1F7D40F71C04B1F10017785C /* LaunchScreen.storyboard */; };
		1FB1D7AE1C175660006385EA /* AAA.swift in Sources */ = {isa = PBXBuildFile; fileRef = 1FB1D7AD1C175660006385EA /* AAA.swift */; settings = {ASSET_TAGS = (); }; };
/* End PBXBuildFile section */

/* Begin PBXFileReference section */
		1F7D40EB1C04B1F10017785C /* TestGit.app */ = {isa = PBXFileReference; explicitFileType = wrapper.application; includeInIndex = 0; path = TestGit.app; sourceTree = BUILT_PRODUCTS_DIR; };
		1F7D40EE1C04B1F10017785C /* AppDelegate.swift */ = {isa = PBXFileReference; lastKnownFileType = sourcecode.swift; path = AppDelegate.swift; sourceTree = "<group>"; };
		1F7D40F01C04B1F10017785C /* ViewController.swift */ = {isa = PBXFileReference; lastKnownFileType = sourcecode.swift; path = ViewController.swift; sourceTree = "<group>"; };
		1F7D40F31C04B1F10017785C /* Base */ = {isa = PBXFileReference; lastKnownFileType = file.storyboard; name = Base; path = Base.lproj/Main.storyboard; sourceTree = "<group>"; };
		1F7D40F51C04B1F10017785C /* Assets.xcassets */ = {isa = PBXFileReference; lastKnownFileType = folder.assetcatalog; path = Assets.xcassets; sourceTree = "<group>"; };
		1F7D40F81C04B1F10017785C /* Base */ = {isa = PBXFileReference; lastKnownFileType = file.storyboard; name = Base; path = Base.lproj/LaunchScreen.storyboard; sourceTree = "<group>"; };
		1F7D40FA1C04B1F10017785C /* Info.plist */ = {isa = PBXFileReference; lastKnownFileType = text.plist.xml; path = Info.plist; sourceTree = "<group>"; };
		1FB1D7AD1C175660006385EA /* AAA.swift */ = {isa = PBXFileReference; fileEncoding = 4; lastKnownFileType = sourcecode.swift; path = AAA.swift; sourceTree = "<group>"; };
/* End PBXFileReference section */

/* Begin PBXFrameworksBuildPhase section */
		1F7D40E81C04B1F10017785C /* Frameworks */ = {
			isa = PBXFrameworksBuildPhase;
			buildActionMask = 2147483647;
			files = (
			);
			runOnlyForDeploymentPostprocessing = 0;
		};
/* End PBXFrameworksBuildPhase section */

/* Begin PBXGroup section */
		1F7D40E21C04B1F10017785C = {
			isa = PBXGroup;
			children = (
				1FB1D7AD1C175660006385EA /* AAA.swift */,
				1F7D40ED1C04B1F10017785C /* TestGit */,
				1F7D40EC1C04B1F10017785C /* Products */,
			);
			sourceTree = "<group>";
		};
		1F7D40EC1C04B1F10017785C /* Products */ = {
			isa = PBXGroup;
			children = (
				1F7D40EB1C04B1F10017785C /* TestGit.app */,
			);
			name = Products;
			sourceTree = "<group>";
		};
		1F7D40ED1C04B1F10017785C /* TestGit */ = {
			isa = PBXGroup;
			children = (
				1F7D40EE1C04B1F10017785C /* AppDelegate.swift */,
				1F7D40F01C04B1F10017785C /* ViewController.swift */,
				1F7D40F21C04B1F10017785C /* Main.storyboard */,
				1F7D40F51C04B1F10017785C /* Assets.xcassets */,
				1F7D40F71C04B1F10017785C /* LaunchScreen.storyboard */,
				1F7D40FA1C04B1F10017785C /* Info.plist */,
			);
			path = TestGit;
			sourceTree = "<group>";
		};
/* End PBXGroup section */

/* Begin PBXNativeTarget section */
		1F7D40EA1C04B1F10017785C /* TestGit */ = {
			isa = PBXNativeTarget;
			buildConfigurationList = 1F7D40FD1C04B1F10017785C /* Build configuration list for PBXNativeTarget "TestGit" */;
			buildPhases = (
				1F7D40E71C04B1F10017785C /* Sources */,
				1F7D40E81C04B1F10017785C /* Frameworks */,
				1F7D40E91C04B1F10017785C /* Resources */,
			);
			buildRules = (
			);
			dependencies = (
			);
			name = TestGit;
			productName = TestGit;
			productReference = 1F7D40EB1C04B1F10017785C /* TestGit.app */;
			productType = "com.apple.product-type.application";
		};
/* End PBXNativeTarget section */

/* Begin PBXProject section */
		1F7D40E31C04B1F10017785C /* Project object */ = {
			isa = PBXProject;
			attributes = {
				LastUpgradeCheck = 0700;
				ORGANIZATIONNAME = Volkswagen;
				TargetAttributes = {
					1F7D40EA1C04B1F10017785C = {
						CreatedOnToolsVersion = 7.0;
					};
				};
			};
			buildConfigurationList = 1F7D40E61C04B1F10017785C /* Build configuration list for PBXProject "TestGit" */;
			compatibilityVersion = "Xcode 3.2";
			developmentRegion = English;
			hasScannedForEncodings = 0;
			knownRegions = (
				en,
				Base,
			);
			mainGroup = 1F7D40E21C04B1F10017785C;
			productRefGroup = 1F7D40EC1C04B1F10017785C /* Products */;
			projectDirPath = "";
			projectRoot = "";
			targets = (
				1F7D40EA1C04B1F10017785C /* TestGit */,
			);
		};
/* End PBXProject section */

/* Begin PBXResourcesBuildPhase section */
		1F7D40E91C04B1F10017785C /* Resources */ = {
			isa = PBXResourcesBuildPhase;
			buildActionMask = 2147483647;
			files = (
				1F7D40F91C04B1F10017785C /* LaunchScreen.storyboard in Resources */,
				1F7D40F61C04B1F10017785C /* Assets.xcassets in Resources */,
				1F7D40F41C04B1F10017785C /* Main.storyboard in Resources */,
			);
			runOnlyForDeploymentPostprocessing = 0;
		};
/* End PBXResourcesBuildPhase section */

/* Begin PBXSourcesBuildPhase section */
		1F7D40E71C04B1F10017785C /* Sources */ = {
			isa = PBXSourcesBuildPhase;
			buildActionMask = 2147483647;
			files = (
				1F7D40F11C04B1F10017785C /* ViewController.swift in Sources */,
				1FB1D7AE1C175660006385EA /* AAA.swift in Sources */,
				1F7D40EF1C04B1F10017785C /* AppDelegate.swift in Sources */,
			);
			runOnlyForDeploymentPostprocessing = 0;
		};
/* End PBXSourcesBuildPhase section */

/* Begin PBXVariantGroup section */
		1F7D40F21C04B1F10017785C /* Main.storyboard */ = {
			isa = PBXVariantGroup;
			children = (
				1F7D40F31C04B1F10017785C /* Base */,
			);
			name = Main.storyboard;
			sourceTree = "<group>";
		};
		1F7D40F71C04B1F10017785C /* LaunchScreen.storyboard */ = {
			isa = PBXVariantGroup;
			children = (
				1F7D40F81C04B1F10017785C /* Base */,
			);
			name = LaunchScreen.storyboard;
			sourceTree = "<group>";
		};
/* End PBXVariantGroup section */

/* Begin XCBuildConfiguration section */
		1F7D40FB1C04B1F10017785C /* Debug */ = {
			isa = XCBuildConfiguration;
			buildSettings = {
				ALWAYS_SEARCH_USER_PATHS = NO;
				CLANG_CXX_LANGUAGE_STANDARD = "gnu++0x";
				CLANG_CXX_LIBRARY = "libc++";
				CLANG_ENABLE_MODULES = YES;
				CLANG_ENABLE_OBJC_ARC = YES;
				CLANG_WARN_BOOL_CONVERSION = YES;
				CLANG_WARN_CONSTANT_CONVERSION = YES;
				CLANG_WARN_DIRECT_OBJC_ISA_USAGE = YES_ERROR;
				CLANG_WARN_EMPTY_BODY = YES;
				CLANG_WARN_ENUM_CONVERSION = YES;
				CLANG_WARN_INT_CONVERSION = YES;
				CLANG_WARN_OBJC_ROOT_CLASS = YES_ERROR;
				CLANG_WARN_UNREACHABLE_CODE = YES;
				CLANG_WARN__DUPLICATE_METHOD_MATCH = YES;
				"CODE_SIGN_IDENTITY[sdk=iphoneos*]" = "iPhone Developer";
				COPY_PHASE_STRIP = NO;
				DEBUG_INFORMATION_FORMAT = dwarf;
				ENABLE_STRICT_OBJC_MSGSEND = YES;
				ENABLE_TESTABILITY = YES;
				GCC_C_LANGUAGE_STANDARD = gnu99;
				GCC_DYNAMIC_NO_PIC = NO;
				GCC_NO_COMMON_BLOCKS = YES;
				GCC_OPTIMIZATION_LEVEL = 0;
				GCC_PREPROCESSOR_DEFINITIONS = (
					"DEBUG=1",
					"$(inherited)",
				);
				GCC_WARN_64_TO_32_BIT_CONVERSION = YES;
				GCC_WARN_ABOUT_RETURN_TYPE = YES_ERROR;
				GCC_WARN_UNDECLARED_SELECTOR = YES;
				GCC_WARN_UNINITIALIZED_AUTOS = YES_AGGRESSIVE;
				GCC_WARN_UNUSED_FUNCTION = YES;
				GCC_WARN_UNUSED_VARIABLE = YES;
				IPHONEOS_DEPLOYMENT_TARGET = 9.0;
				MTL_ENABLE_DEBUG_INFO = YES;
				ONLY_ACTIVE_ARCH = YES;
				SDKROOT = iphoneos;
				SWIFT_OPTIMIZATION_LEVEL = "-Onone";
				TARGETED_DEVICE_FAMILY = 2;
			};
			name = Debug;
		};
		1F7D40FC1C04B1F10017785C /* Release */ = {
			isa = XCBuildConfiguration;
			buildSettings = {
				ALWAYS_SEARCH_USER_PATHS = NO;
				CLANG_CXX_LANGUAGE_STANDARD = "gnu++0x";
				CLANG_CXX_LIBRARY = "libc++";
				CLANG_ENABLE_MODULES = YES;
				CLANG_ENABLE_OBJC_ARC = YES;
				CLANG_WARN_BOOL_CONVERSION = YES;
				CLANG_WARN_CONSTANT_CONVERSION = YES;
				CLANG_WARN_DIRECT_OBJC_ISA_USAGE = YES_ERROR;
				CLANG_WARN_EMPTY_BODY = YES;
				CLANG_WARN_ENUM_CONVERSION = YES;
				CLANG_WARN_INT_CONVERSION = YES;
				CLANG_WARN_OBJC_ROOT_CLASS = YES_ERROR;
				CLANG_WARN_UNREACHABLE_CODE = YES;
				CLANG_WARN__DUPLICATE_METHOD_MATCH = YES;
				"CODE_SIGN_IDENTITY[sdk=iphoneos*]" = "iPhone Developer";
				COPY_PHASE_STRIP = NO;
				DEBUG_INFORMATION_FORMAT = "dwarf-with-dsym";
				ENABLE_NS_ASSERTIONS = NO;
				ENABLE_STRICT_OBJC_MSGSEND = YES;
				GCC_C_LANGUAGE_STANDARD = gnu99;
				GCC_NO_COMMON_BLOCKS = YES;
				GCC_WARN_64_TO_32_BIT_CONVERSION = YES;
				GCC_WARN_ABOUT_RETURN_TYPE = YES_ERROR;
				GCC_WARN_UNDECLARED_SELECTOR = YES;
				GCC_WARN_UNINITIALIZED_AUTOS = YES_AGGRESSIVE;
				GCC_WARN_UNUSED_FUNCTION = YES;
				GCC_WARN_UNUSED_VARIABLE = YES;
				IPHONEOS_DEPLOYMENT_TARGET = 9.0;
				MTL_ENABLE_DEBUG_INFO = NO;
				SDKROOT = iphoneos;
				TARGETED_DEVICE_FAMILY = 2;
				VALIDATE_PRODUCT = YES;
			};
			name = Release;
		};
		1F7D40FE1C04B1F10017785C /* Debug */ = {
			isa = XCBuildConfiguration;
			buildSettings = {
				ASSETCATALOG_COMPILER_APPICON_NAME = AppIcon;
				INFOPLIST_FILE = TestGit/Info.plist;
				LD_RUNPATH_SEARCH_PATHS = "$(inherited) @executable_path/Frameworks";
				PRODUCT_BUNDLE_IDENTIFIER = vwg.vw.prerelease.TestGit;
				PRODUCT_NAME = "$(TARGET_NAME)";
			};
			name = Debug;
		};
		1F7D40FF1C04B1F10017785C /* Release */ = {
			isa = XCBuildConfiguration;
			buildSettings = {
				ASSETCATALOG_COMPILER_APPICON_NAME = AppIcon;
				INFOPLIST_FILE = TestGit/Info.plist;
				LD_RUNPATH_SEARCH_PATHS = "$(inherited) @executable_path/Frameworks";
				PRODUCT_BUNDLE_IDENTIFIER = vwg.vw.prerelease.TestGit;
				PRODUCT_NAME = "$(TARGET_NAME)";
			};
			name = Release;
		};
/* End XCBuildConfiguration section */

/* Begin XCConfigurationList section */
		1F7D40E61C04B1F10017785C /* Build configuration list for PBXProject "TestGit" */ = {
			isa = XCConfigurationList;
			buildConfigurations = (
				1F7D40FB1C04B1F10017785C /* Debug */,
				1F7D40FC1C04B1F10017785C /* Release */,
			);
			defaultConfigurationIsVisible = 0;
			defaultConfigurationName = Release;
		};
		1F7D40FD1C04B1F10017785C /* Build configuration list for PBXNativeTarget "TestGit" */ = {
			isa = XCConfigurationList;
			buildConfigurations = (
				1F7D40FE1C04B1F10017785C /* Debug */,
				1F7D40FF1C04B1F10017785C /* Release */,
			);
			defaultConfigurationIsVisible = 0;
			defaultConfigurationName = Release;
		};
/* End XCConfigurationList section */
	};
	rootObject = 1F7D40E31C04B1F10017785C /* Project object */;
}
